
Microsoft Visual Studio Solution File, Format Version 11.00
# Visual Studio 2010
Project("{FAE04EC0-301F-11D3-BF4B-00C04F79EFBC}") = "MonoCross.Navigation", "MonoCross.Navigation\MonoCross.Navigation.csproj", "{4618CCFC-5895-4C44-AD25-8BF312A96B86}"
EndProject
Project("{2150E333-8FDC-42A3-9474-1A3956D46DE8}") = "Framework", "Framework", "{4A5A5CF6-2257-4BC1-8941-DCB7EB279A2A}"
EndProject
Project("{2150E333-8FDC-42A3-9474-1A3956D46DE8}") = "Samples", "Samples", "{2DFB4278-45D1-41D7-9D9D-D8237D689213}"
EndProject
Project("{2150E333-8FDC-42A3-9474-1A3956D46DE8}") = "Projects", "Projects", "{32F94184-0BF0-4E71-8672-B6A3B5C46BD7}"
EndProject
Project("{2150E333-8FDC-42A3-9474-1A3956D46DE8}") = "Best Sellers", "Best Sellers", "{97B755C2-9BC1-49CC-84BC-D038C9F0F7E4}"
EndProject
Project("{FAE04EC0-301F-11D3-BF4B-00C04F79EFBC}") = "BestSellers", "BestSellers\BestSellers.csproj", "{D6A2EDA8-E990-4F52-AE78-8DA9B56AA870}"
EndProject
Project("{2150E333-8FDC-42A3-9474-1A3956D46DE8}") = "Containers", "Containers", "{BFC1AE0C-986B-44D7-BC36-695994FB4739}"
EndProject
Project("{FAE04EC0-301F-11D3-BF4B-00C04F79EFBC}") = "Console.Container", "BestSellers\Console.Container\Console.Container.csproj", "{2B556DC0-BEE7-476A-A3AA-9FB1A2663B05}"
EndProject
Project("{FAE04EC0-301F-11D3-BF4B-00C04F79EFBC}") = "Webkit.Container", "BestSellers\Webkit.Container\Webkit.Container.csproj", "{2FBFE5D8-6ED0-4667-9925-2CC3E0CECD99}"
EndProject
Project("{FAE04EC0-301F-11D3-BF4B-00C04F79EFBC}") = "MonoCross.Droid", "MonoCross.Droid\MonoCross.Droid.csproj", "{B8448676-C9FE-42A3-A30B-F2FFA096E7D9}"
EndProject
Project("{FAE04EC0-301F-11D3-BF4B-00C04F79EFBC}") = "MonoCross.Webkit", "MonoCross.Webkit\MonoCross.Webkit.csproj", "{0BB5AA0C-0D8D-45AD-9775-ACF7DA3942BD}"
EndProject
Project("{FAE04EC0-301F-11D3-BF4B-00C04F79EFBC}") = "MonoCross.Console", "MonoCross.Console\MonoCross.Console.csproj", "{A658FEA2-1B62-4A50-A1C5-0A6ADE4655D3}"
EndProject
Project("{FAE04EC0-301F-11D3-BF4B-00C04F79EFBC}") = "BestSellers.MD", "BestSellers\BestSellers.MD.csproj", "{A884E414-8FF4-4760-BE4E-36CA68F58CD7}"
EndProject
Project("{FAE04EC0-301F-11D3-BF4B-00C04F79EFBC}") = "MonoCross.Navigation.MD", "MonoCross.Navigation\MonoCross.Navigation.MD.csproj", "{0D2CC54A-4716-40B9-8110-453F528810FC}"
EndProject
Project("{FAE04EC0-301F-11D3-BF4B-00C04F79EFBC}") = "MonoDroid.Dialog", "MonoDroid.Dialog\MonoDroid.Dialog.csproj", "{33044C7B-47A4-4113-A61A-EB429407F818}"
EndProject
Project("{FAE04EC0-301F-11D3-BF4B-00C04F79EFBC}") = "Droid.Container", "BestSellers\Droid.Container\Droid.Container.csproj", "{DEA9870F-BE56-4C68-89F3-B2DCCAEABF6F}"
EndProject
Global
	GlobalSection(SolutionConfigurationPlatforms) = preSolution
		Debug - dotNET|Any CPU = Debug - dotNET|Any CPU
		Debug - dotNET|Mixed Platforms = Debug - dotNET|Mixed Platforms
		Debug - dotNET|x86 = Debug - dotNET|x86
		Debug - SL|Any CPU = Debug - SL|Any CPU
		Debug - SL|Mixed Platforms = Debug - SL|Mixed Platforms
		Debug - SL|x86 = Debug - SL|x86
		Debug|Any CPU = Debug|Any CPU
		Debug|Mixed Platforms = Debug|Mixed Platforms
		Debug|x86 = Debug|x86
		Release|Any CPU = Release|Any CPU
		Release|Mixed Platforms = Release|Mixed Platforms
		Release|x86 = Release|x86
	EndGlobalSection
	GlobalSection(ProjectConfigurationPlatforms) = postSolution
		{4618CCFC-5895-4C44-AD25-8BF312A96B86}.Debug - dotNET|Any CPU.ActiveCfg = Debug|Any CPU
		{4618CCFC-5895-4C44-AD25-8BF312A96B86}.Debug - dotNET|Any CPU.Build.0 = Debug|Any CPU
		{4618CCFC-5895-4C44-AD25-8BF312A96B86}.Debug - dotNET|Mixed Platforms.ActiveCfg = Debug|Any CPU
		{4618CCFC-5895-4C44-AD25-8BF312A96B86}.Debug - dotNET|Mixed Platforms.Build.0 = Debug|Any CPU
		{4618CCFC-5895-4C44-AD25-8BF312A96B86}.Debug - dotNET|x86.ActiveCfg = Debug|Any CPU
		{4618CCFC-5895-4C44-AD25-8BF312A96B86}.Debug - SL|Any CPU.ActiveCfg = Debug|Any CPU
		{4618CCFC-5895-4C44-AD25-8BF312A96B86}.Debug - SL|Any CPU.Build.0 = Debug|Any CPU
		{4618CCFC-5895-4C44-AD25-8BF312A96B86}.Debug - SL|Mixed Platforms.ActiveCfg = Debug|Any CPU
		{4618CCFC-5895-4C44-AD25-8BF312A96B86}.Debug - SL|Mixed Platforms.Build.0 = Debug|Any CPU
		{4618CCFC-5895-4C44-AD25-8BF312A96B86}.Debug - SL|x86.ActiveCfg = Debug|Any CPU
		{4618CCFC-5895-4C44-AD25-8BF312A96B86}.Debug|Any CPU.ActiveCfg = Debug|Any CPU
		{4618CCFC-5895-4C44-AD25-8BF312A96B86}.Debug|Any CPU.Build.0 = Debug|Any CPU
		{4618CCFC-5895-4C44-AD25-8BF312A96B86}.Debug|Mixed Platforms.ActiveCfg = Debug|Any CPU
		{4618CCFC-5895-4C44-AD25-8BF312A96B86}.Debug|Mixed Platforms.Build.0 = Debug|Any CPU
		{4618CCFC-5895-4C44-AD25-8BF312A96B86}.Debug|x86.ActiveCfg = Debug|Any CPU
		{4618CCFC-5895-4C44-AD25-8BF312A96B86}.Release|Any CPU.ActiveCfg = Release|Any CPU
		{4618CCFC-5895-4C44-AD25-8BF312A96B86}.Release|Any CPU.Build.0 = Release|Any CPU
		{4618CCFC-5895-4C44-AD25-8BF312A96B86}.Release|Mixed Platforms.ActiveCfg = Release|Any CPU
		{4618CCFC-5895-4C44-AD25-8BF312A96B86}.Release|Mixed Platforms.Build.0 = Release|Any CPU
		{4618CCFC-5895-4C44-AD25-8BF312A96B86}.Release|x86.ActiveCfg = Release|Any CPU
		{D6A2EDA8-E990-4F52-AE78-8DA9B56AA870}.Debug - dotNET|Any CPU.ActiveCfg = Debug|Any CPU
		{D6A2EDA8-E990-4F52-AE78-8DA9B56AA870}.Debug - dotNET|Any CPU.Build.0 = Debug|Any CPU
		{D6A2EDA8-E990-4F52-AE78-8DA9B56AA870}.Debug - dotNET|Mixed Platforms.ActiveCfg = Debug|Any CPU
		{D6A2EDA8-E990-4F52-AE78-8DA9B56AA870}.Debug - dotNET|Mixed Platforms.Build.0 = Debug|Any CPU
		{D6A2EDA8-E990-4F52-AE78-8DA9B56AA870}.Debug - dotNET|x86.ActiveCfg = Debug|Any CPU
		{D6A2EDA8-E990-4F52-AE78-8DA9B56AA870}.Debug - SL|Any CPU.ActiveCfg = Debug|Any CPU
		{D6A2EDA8-E990-4F52-AE78-8DA9B56AA870}.Debug - SL|Any CPU.Build.0 = Debug|Any CPU
		{D6A2EDA8-E990-4F52-AE78-8DA9B56AA870}.Debug - SL|Mixed Platforms.ActiveCfg = Debug|Any CPU
		{D6A2EDA8-E990-4F52-AE78-8DA9B56AA870}.Debug - SL|Mixed Platforms.Build.0 = Debug|Any CPU
		{D6A2EDA8-E990-4F52-AE78-8DA9B56AA870}.Debug - SL|x86.ActiveCfg = Debug|Any CPU
		{D6A2EDA8-E990-4F52-AE78-8DA9B56AA870}.Debug|Any CPU.ActiveCfg = Debug|Any CPU
		{D6A2EDA8-E990-4F52-AE78-8DA9B56AA870}.Debug|Any CPU.Build.0 = Debug|Any CPU
		{D6A2EDA8-E990-4F52-AE78-8DA9B56AA870}.Debug|Mixed Platforms.ActiveCfg = Debug|Any CPU
		{D6A2EDA8-E990-4F52-AE78-8DA9B56AA870}.Debug|Mixed Platforms.Build.0 = Debug|Any CPU
		{D6A2EDA8-E990-4F52-AE78-8DA9B56AA870}.Debug|x86.ActiveCfg = Debug|Any CPU
		{D6A2EDA8-E990-4F52-AE78-8DA9B56AA870}.Release|Any CPU.ActiveCfg = Release|Any CPU
		{D6A2EDA8-E990-4F52-AE78-8DA9B56AA870}.Release|Any CPU.Build.0 = Release|Any CPU
		{D6A2EDA8-E990-4F52-AE78-8DA9B56AA870}.Release|Mixed Platforms.ActiveCfg = Release|Any CPU
		{D6A2EDA8-E990-4F52-AE78-8DA9B56AA870}.Release|Mixed Platforms.Build.0 = Release|Any CPU
		{D6A2EDA8-E990-4F52-AE78-8DA9B56AA870}.Release|x86.ActiveCfg = Release|Any CPU
		{2B556DC0-BEE7-476A-A3AA-9FB1A2663B05}.Debug - dotNET|Any CPU.ActiveCfg = Debug|x86
		{2B556DC0-BEE7-476A-A3AA-9FB1A2663B05}.Debug - dotNET|Mixed Platforms.ActiveCfg = Debug|x86
		{2B556DC0-BEE7-476A-A3AA-9FB1A2663B05}.Debug - dotNET|Mixed Platforms.Build.0 = Debug|x86
		{2B556DC0-BEE7-476A-A3AA-9FB1A2663B05}.Debug - dotNET|x86.ActiveCfg = Debug|x86
		{2B556DC0-BEE7-476A-A3AA-9FB1A2663B05}.Debug - dotNET|x86.Build.0 = Debug|x86
		{2B556DC0-BEE7-476A-A3AA-9FB1A2663B05}.Debug - SL|Any CPU.ActiveCfg = Debug|x86
		{2B556DC0-BEE7-476A-A3AA-9FB1A2663B05}.Debug - SL|Mixed Platforms.ActiveCfg = Debug|x86
		{2B556DC0-BEE7-476A-A3AA-9FB1A2663B05}.Debug - SL|Mixed Platforms.Build.0 = Debug|x86
		{2B556DC0-BEE7-476A-A3AA-9FB1A2663B05}.Debug - SL|x86.ActiveCfg = Debug|x86
		{2B556DC0-BEE7-476A-A3AA-9FB1A2663B05}.Debug - SL|x86.Build.0 = Debug|x86
		{2B556DC0-BEE7-476A-A3AA-9FB1A2663B05}.Debug|Any CPU.ActiveCfg = Debug|x86
		{2B556DC0-BEE7-476A-A3AA-9FB1A2663B05}.Debug|Mixed Platforms.ActiveCfg = Debug|x86
		{2B556DC0-BEE7-476A-A3AA-9FB1A2663B05}.Debug|Mixed Platforms.Build.0 = Debug|x86
		{2B556DC0-BEE7-476A-A3AA-9FB1A2663B05}.Debug|x86.ActiveCfg = Debug|x86
		{2B556DC0-BEE7-476A-A3AA-9FB1A2663B05}.Debug|x86.Build.0 = Debug|x86
		{2B556DC0-BEE7-476A-A3AA-9FB1A2663B05}.Release|Any CPU.ActiveCfg = Release|x86
		{2B556DC0-BEE7-476A-A3AA-9FB1A2663B05}.Release|Mixed Platforms.ActiveCfg = Release|x86
		{2B556DC0-BEE7-476A-A3AA-9FB1A2663B05}.Release|Mixed Platforms.Build.0 = Release|x86
		{2B556DC0-BEE7-476A-A3AA-9FB1A2663B05}.Release|x86.ActiveCfg = Release|x86
		{2B556DC0-BEE7-476A-A3AA-9FB1A2663B05}.Release|x86.Build.0 = Release|x86
		{2FBFE5D8-6ED0-4667-9925-2CC3E0CECD99}.Debug - dotNET|Any CPU.ActiveCfg = Debug|Any CPU
		{2FBFE5D8-6ED0-4667-9925-2CC3E0CECD99}.Debug - dotNET|Any CPU.Build.0 = Debug|Any CPU
		{2FBFE5D8-6ED0-4667-9925-2CC3E0CECD99}.Debug - dotNET|Mixed Platforms.ActiveCfg = Debug|Any CPU
		{2FBFE5D8-6ED0-4667-9925-2CC3E0CECD99}.Debug - dotNET|Mixed Platforms.Build.0 = Debug|Any CPU
		{2FBFE5D8-6ED0-4667-9925-2CC3E0CECD99}.Debug - dotNET|x86.ActiveCfg = Debug|Any CPU
		{2FBFE5D8-6ED0-4667-9925-2CC3E0CECD99}.Debug - SL|Any CPU.ActiveCfg = Debug|Any CPU
		{2FBFE5D8-6ED0-4667-9925-2CC3E0CECD99}.Debug - SL|Any CPU.Build.0 = Debug|Any CPU
		{2FBFE5D8-6ED0-4667-9925-2CC3E0CECD99}.Debug - SL|Mixed Platforms.ActiveCfg = Debug|Any CPU
		{2FBFE5D8-6ED0-4667-9925-2CC3E0CECD99}.Debug - SL|Mixed Platforms.Build.0 = Debug|Any CPU
		{2FBFE5D8-6ED0-4667-9925-2CC3E0CECD99}.Debug - SL|x86.ActiveCfg = Debug|Any CPU
		{2FBFE5D8-6ED0-4667-9925-2CC3E0CECD99}.Debug|Any CPU.ActiveCfg = Debug|Any CPU
		{2FBFE5D8-6ED0-4667-9925-2CC3E0CECD99}.Debug|Any CPU.Build.0 = Debug|Any CPU
		{2FBFE5D8-6ED0-4667-9925-2CC3E0CECD99}.Debug|Mixed Platforms.ActiveCfg = Debug|Any CPU
		{2FBFE5D8-6ED0-4667-9925-2CC3E0CECD99}.Debug|Mixed Platforms.Build.0 = Debug|Any CPU
		{2FBFE5D8-6ED0-4667-9925-2CC3E0CECD99}.Debug|x86.ActiveCfg = Debug|Any CPU
		{2FBFE5D8-6ED0-4667-9925-2CC3E0CECD99}.Release|Any CPU.ActiveCfg = Release|Any CPU
		{2FBFE5D8-6ED0-4667-9925-2CC3E0CECD99}.Release|Any CPU.Build.0 = Release|Any CPU
		{2FBFE5D8-6ED0-4667-9925-2CC3E0CECD99}.Release|Mixed Platforms.ActiveCfg = Release|Any CPU
		{2FBFE5D8-6ED0-4667-9925-2CC3E0CECD99}.Release|Mixed Platforms.Build.0 = Release|Any CPU
		{2FBFE5D8-6ED0-4667-9925-2CC3E0CECD99}.Release|x86.ActiveCfg = Release|Any CPU
		{B8448676-C9FE-42A3-A30B-F2FFA096E7D9}.Debug - dotNET|Any CPU.ActiveCfg = Debug|Any CPU
		{B8448676-C9FE-42A3-A30B-F2FFA096E7D9}.Debug - dotNET|Any CPU.Build.0 = Debug|Any CPU
		{B8448676-C9FE-42A3-A30B-F2FFA096E7D9}.Debug - dotNET|Mixed Platforms.ActiveCfg = Debug|Any CPU
		{B8448676-C9FE-42A3-A30B-F2FFA096E7D9}.Debug - dotNET|Mixed Platforms.Build.0 = Debug|Any CPU
		{B8448676-C9FE-42A3-A30B-F2FFA096E7D9}.Debug - dotNET|x86.ActiveCfg = Debug|Any CPU
		{B8448676-C9FE-42A3-A30B-F2FFA096E7D9}.Debug - SL|Any CPU.ActiveCfg = Debug|Any CPU
		{B8448676-C9FE-42A3-A30B-F2FFA096E7D9}.Debug - SL|Any CPU.Build.0 = Debug|Any CPU
		{B8448676-C9FE-42A3-A30B-F2FFA096E7D9}.Debug - SL|Mixed Platforms.ActiveCfg = Debug|Any CPU
		{B8448676-C9FE-42A3-A30B-F2FFA096E7D9}.Debug - SL|Mixed Platforms.Build.0 = Debug|Any CPU
		{B8448676-C9FE-42A3-A30B-F2FFA096E7D9}.Debug - SL|x86.ActiveCfg = Debug|Any CPU
		{B8448676-C9FE-42A3-A30B-F2FFA096E7D9}.Debug|Any CPU.ActiveCfg = Debug|Any CPU
		{B8448676-C9FE-42A3-A30B-F2FFA096E7D9}.Debug|Any CPU.Build.0 = Debug|Any CPU
		{B8448676-C9FE-42A3-A30B-F2FFA096E7D9}.Debug|Mixed Platforms.ActiveCfg = Debug|Any CPU
		{B8448676-C9FE-42A3-A30B-F2FFA096E7D9}.Debug|Mixed Platforms.Build.0 = Debug|Any CPU
		{B8448676-C9FE-42A3-A30B-F2FFA096E7D9}.Debug|x86.ActiveCfg = Debug|Any CPU
		{B8448676-C9FE-42A3-A30B-F2FFA096E7D9}.Release|Any CPU.ActiveCfg = Release|Any CPU
		{B8448676-C9FE-42A3-A30B-F2FFA096E7D9}.Release|Any CPU.Build.0 = Release|Any CPU
		{B8448676-C9FE-42A3-A30B-F2FFA096E7D9}.Release|Mixed Platforms.ActiveCfg = Release|Any CPU
		{B8448676-C9FE-42A3-A30B-F2FFA096E7D9}.Release|Mixed Platforms.Build.0 = Release|Any CPU
		{B8448676-C9FE-42A3-A30B-F2FFA096E7D9}.Release|x86.ActiveCfg = Release|Any CPU
		{0BB5AA0C-0D8D-45AD-9775-ACF7DA3942BD}.Debug - dotNET|Any CPU.ActiveCfg = Debug|Any CPU
		{0BB5AA0C-0D8D-45AD-9775-ACF7DA3942BD}.Debug - dotNET|Any CPU.Build.0 = Debug|Any CPU
		{0BB5AA0C-0D8D-45AD-9775-ACF7DA3942BD}.Debug - dotNET|Mixed Platforms.ActiveCfg = Debug|Any CPU
		{0BB5AA0C-0D8D-45AD-9775-ACF7DA3942BD}.Debug - dotNET|Mixed Platforms.Build.0 = Debug|Any CPU
		{0BB5AA0C-0D8D-45AD-9775-ACF7DA3942BD}.Debug - dotNET|x86.ActiveCfg = Debug|Any CPU
		{0BB5AA0C-0D8D-45AD-9775-ACF7DA3942BD}.Debug - SL|Any CPU.ActiveCfg = Debug|Any CPU
		{0BB5AA0C-0D8D-45AD-9775-ACF7DA3942BD}.Debug - SL|Any CPU.Build.0 = Debug|Any CPU
		{0BB5AA0C-0D8D-45AD-9775-ACF7DA3942BD}.Debug - SL|Mixed Platforms.ActiveCfg = Debug|Any CPU
		{0BB5AA0C-0D8D-45AD-9775-ACF7DA3942BD}.Debug - SL|Mixed Platforms.Build.0 = Debug|Any CPU
		{0BB5AA0C-0D8D-45AD-9775-ACF7DA3942BD}.Debug - SL|x86.ActiveCfg = Debug|Any CPU
		{0BB5AA0C-0D8D-45AD-9775-ACF7DA3942BD}.Debug|Any CPU.ActiveCfg = Debug|Any CPU
		{0BB5AA0C-0D8D-45AD-9775-ACF7DA3942BD}.Debug|Any CPU.Build.0 = Debug|Any CPU
		{0BB5AA0C-0D8D-45AD-9775-ACF7DA3942BD}.Debug|Mixed Platforms.ActiveCfg = Debug|Any CPU
		{0BB5AA0C-0D8D-45AD-9775-ACF7DA3942BD}.Debug|Mixed Platforms.Build.0 = Debug|Any CPU
		{0BB5AA0C-0D8D-45AD-9775-ACF7DA3942BD}.Debug|x86.ActiveCfg = Debug|Any CPU
		{0BB5AA0C-0D8D-45AD-9775-ACF7DA3942BD}.Release|Any CPU.ActiveCfg = Release|Any CPU
		{0BB5AA0C-0D8D-45AD-9775-ACF7DA3942BD}.Release|Any CPU.Build.0 = Release|Any CPU
		{0BB5AA0C-0D8D-45AD-9775-ACF7DA3942BD}.Release|Mixed Platforms.ActiveCfg = Release|Any CPU
		{0BB5AA0C-0D8D-45AD-9775-ACF7DA3942BD}.Release|Mixed Platforms.Build.0 = Release|Any CPU
		{0BB5AA0C-0D8D-45AD-9775-ACF7DA3942BD}.Release|x86.ActiveCfg = Release|Any CPU
		{A658FEA2-1B62-4A50-A1C5-0A6ADE4655D3}.Debug - dotNET|Any CPU.ActiveCfg = Debug|Any CPU
		{A658FEA2-1B62-4A50-A1C5-0A6ADE4655D3}.Debug - dotNET|Any CPU.Build.0 = Debug|Any CPU
		{A658FEA2-1B62-4A50-A1C5-0A6ADE4655D3}.Debug - dotNET|Mixed Platforms.ActiveCfg = Debug|Any CPU
		{A658FEA2-1B62-4A50-A1C5-0A6ADE4655D3}.Debug - dotNET|Mixed Platforms.Build.0 = Debug|Any CPU
		{A658FEA2-1B62-4A50-A1C5-0A6ADE4655D3}.Debug - dotNET|x86.ActiveCfg = Debug|Any CPU
		{A658FEA2-1B62-4A50-A1C5-0A6ADE4655D3}.Debug - SL|Any CPU.ActiveCfg = Debug|Any CPU
		{A658FEA2-1B62-4A50-A1C5-0A6ADE4655D3}.Debug - SL|Any CPU.Build.0 = Debug|Any CPU
		{A658FEA2-1B62-4A50-A1C5-0A6ADE4655D3}.Debug - SL|Mixed Platforms.ActiveCfg = Debug|Any CPU
		{A658FEA2-1B62-4A50-A1C5-0A6ADE4655D3}.Debug - SL|Mixed Platforms.Build.0 = Debug|Any CPU
		{A658FEA2-1B62-4A50-A1C5-0A6ADE4655D3}.Debug - SL|x86.ActiveCfg = Debug|Any CPU
		{A658FEA2-1B62-4A50-A1C5-0A6ADE4655D3}.Debug|Any CPU.ActiveCfg = Debug|Any CPU
		{A658FEA2-1B62-4A50-A1C5-0A6ADE4655D3}.Debug|Any CPU.Build.0 = Debug|Any CPU
		{A658FEA2-1B62-4A50-A1C5-0A6ADE4655D3}.Debug|Mixed Platforms.ActiveCfg = Debug|Any CPU
		{A658FEA2-1B62-4A50-A1C5-0A6ADE4655D3}.Debug|Mixed Platforms.Build.0 = Debug|Any CPU
		{A658FEA2-1B62-4A50-A1C5-0A6ADE4655D3}.Debug|x86.ActiveCfg = Debug|Any CPU
		{A658FEA2-1B62-4A50-A1C5-0A6ADE4655D3}.Release|Any CPU.ActiveCfg = Release|Any CPU
		{A658FEA2-1B62-4A50-A1C5-0A6ADE4655D3}.Release|Any CPU.Build.0 = Release|Any CPU
		{A658FEA2-1B62-4A50-A1C5-0A6ADE4655D3}.Release|Mixed Platforms.ActiveCfg = Release|Any CPU
		{A658FEA2-1B62-4A50-A1C5-0A6ADE4655D3}.Release|Mixed Platforms.Build.0 = Release|Any CPU
		{A658FEA2-1B62-4A50-A1C5-0A6ADE4655D3}.Release|x86.ActiveCfg = Release|Any CPU
		{A884E414-8FF4-4760-BE4E-36CA68F58CD7}.Debug - dotNET|Any CPU.ActiveCfg = Debug|Any CPU
		{A884E414-8FF4-4760-BE4E-36CA68F58CD7}.Debug - dotNET|Any CPU.Build.0 = Debug|Any CPU
		{A884E414-8FF4-4760-BE4E-36CA68F58CD7}.Debug - dotNET|Mixed Platforms.ActiveCfg = Debug|Any CPU
		{A884E414-8FF4-4760-BE4E-36CA68F58CD7}.Debug - dotNET|Mixed Platforms.Build.0 = Debug|Any CPU
		{A884E414-8FF4-4760-BE4E-36CA68F58CD7}.Debug - dotNET|x86.ActiveCfg = Debug|Any CPU
		{A884E414-8FF4-4760-BE4E-36CA68F58CD7}.Debug - SL|Any CPU.ActiveCfg = Debug|Any CPU
		{A884E414-8FF4-4760-BE4E-36CA68F58CD7}.Debug - SL|Any CPU.Build.0 = Debug|Any CPU
		{A884E414-8FF4-4760-BE4E-36CA68F58CD7}.Debug - SL|Mixed Platforms.ActiveCfg = Debug|Any CPU
		{A884E414-8FF4-4760-BE4E-36CA68F58CD7}.Debug - SL|Mixed Platforms.Build.0 = Debug|Any CPU
		{A884E414-8FF4-4760-BE4E-36CA68F58CD7}.Debug - SL|x86.ActiveCfg = Debug|Any CPU
		{A884E414-8FF4-4760-BE4E-36CA68F58CD7}.Debug|Any CPU.ActiveCfg = Debug|Any CPU
		{A884E414-8FF4-4760-BE4E-36CA68F58CD7}.Debug|Any CPU.Build.0 = Debug|Any CPU
		{A884E414-8FF4-4760-BE4E-36CA68F58CD7}.Debug|Mixed Platforms.ActiveCfg = Debug|Any CPU
		{A884E414-8FF4-4760-BE4E-36CA68F58CD7}.Debug|Mixed Platforms.Build.0 = Debug|Any CPU
		{A884E414-8FF4-4760-BE4E-36CA68F58CD7}.Debug|x86.ActiveCfg = Debug|Any CPU
		{A884E414-8FF4-4760-BE4E-36CA68F58CD7}.Release|Any CPU.ActiveCfg = Release|Any CPU
		{A884E414-8FF4-4760-BE4E-36CA68F58CD7}.Release|Any CPU.Build.0 = Release|Any CPU
		{A884E414-8FF4-4760-BE4E-36CA68F58CD7}.Release|Mixed Platforms.ActiveCfg = Release|Any CPU
		{A884E414-8FF4-4760-BE4E-36CA68F58CD7}.Release|Mixed Platforms.Build.0 = Release|Any CPU
		{A884E414-8FF4-4760-BE4E-36CA68F58CD7}.Release|x86.ActiveCfg = Release|Any CPU
		{0D2CC54A-4716-40B9-8110-453F528810FC}.Debug - dotNET|Any CPU.ActiveCfg = Debug|Any CPU
		{0D2CC54A-4716-40B9-8110-453F528810FC}.Debug - dotNET|Any CPU.Build.0 = Debug|Any CPU
		{0D2CC54A-4716-40B9-8110-453F528810FC}.Debug - dotNET|Mixed Platforms.ActiveCfg = Debug|Any CPU
		{0D2CC54A-4716-40B9-8110-453F528810FC}.Debug - dotNET|Mixed Platforms.Build.0 = Debug|Any CPU
		{0D2CC54A-4716-40B9-8110-453F528810FC}.Debug - dotNET|x86.ActiveCfg = Debug|Any CPU
		{0D2CC54A-4716-40B9-8110-453F528810FC}.Debug - SL|Any CPU.ActiveCfg = Debug|Any CPU
		{0D2CC54A-4716-40B9-8110-453F528810FC}.Debug - SL|Any CPU.Build.0 = Debug|Any CPU
		{0D2CC54A-4716-40B9-8110-453F528810FC}.Debug - SL|Mixed Platforms.ActiveCfg = Debug|Any CPU
		{0D2CC54A-4716-40B9-8110-453F528810FC}.Debug - SL|Mixed Platforms.Build.0 = Debug|Any CPU
		{0D2CC54A-4716-40B9-8110-453F528810FC}.Debug - SL|x86.ActiveCfg = Debug|Any CPU
		{0D2CC54A-4716-40B9-8110-453F528810FC}.Debug|Any CPU.ActiveCfg = Debug|Any CPU
		{0D2CC54A-4716-40B9-8110-453F528810FC}.Debug|Any CPU.Build.0 = Debug|Any CPU
		{0D2CC54A-4716-40B9-8110-453F528810FC}.Debug|Mixed Platforms.ActiveCfg = Debug|Any CPU
		{0D2CC54A-4716-40B9-8110-453F528810FC}.Debug|Mixed Platforms.Build.0 = Debug|Any CPU
		{0D2CC54A-4716-40B9-8110-453F528810FC}.Debug|x86.ActiveCfg = Debug|Any CPU
		{0D2CC54A-4716-40B9-8110-453F528810FC}.Release|Any CPU.ActiveCfg = Release|Any CPU
		{0D2CC54A-4716-40B9-8110-453F528810FC}.Release|Any CPU.Build.0 = Release|Any CPU
		{0D2CC54A-4716-40B9-8110-453F528810FC}.Release|Mixed Platforms.ActiveCfg = Release|Any CPU
		{0D2CC54A-4716-40B9-8110-453F528810FC}.Release|Mixed Platforms.Build.0 = Release|Any CPU
		{0D2CC54A-4716-40B9-8110-453F528810FC}.Release|x86.ActiveCfg = Release|Any CPU
		{33044C7B-47A4-4113-A61A-EB429407F818}.Debug - dotNET|Any CPU.ActiveCfg = Debug|Any CPU
		{33044C7B-47A4-4113-A61A-EB429407F818}.Debug - dotNET|Any CPU.Build.0 = Debug|Any CPU
		{33044C7B-47A4-4113-A61A-EB429407F818}.Debug - dotNET|Mixed Platforms.ActiveCfg = Debug|Any CPU
		{33044C7B-47A4-4113-A61A-EB429407F818}.Debug - dotNET|Mixed Platforms.Build.0 = Debug|Any CPU
		{33044C7B-47A4-4113-A61A-EB429407F818}.Debug - dotNET|x86.ActiveCfg = Debug|Any CPU
		{33044C7B-47A4-4113-A61A-EB429407F818}.Debug - SL|Any CPU.ActiveCfg = Debug|Any CPU
		{33044C7B-47A4-4113-A61A-EB429407F818}.Debug - SL|Any CPU.Build.0 = Debug|Any CPU
		{33044C7B-47A4-4113-A61A-EB429407F818}.Debug - SL|Mixed Platforms.ActiveCfg = Debug|Any CPU
		{33044C7B-47A4-4113-A61A-EB429407F818}.Debug - SL|Mixed Platforms.Build.0 = Debug|Any CPU
		{33044C7B-47A4-4113-A61A-EB429407F818}.Debug - SL|x86.ActiveCfg = Debug|Any CPU
		{33044C7B-47A4-4113-A61A-EB429407F818}.Debug|Any CPU.ActiveCfg = Debug|Any CPU
		{33044C7B-47A4-4113-A61A-EB429407F818}.Debug|Any CPU.Build.0 = Debug|Any CPU
		{33044C7B-47A4-4113-A61A-EB429407F818}.Debug|Mixed Platforms.ActiveCfg = Debug|Any CPU
		{33044C7B-47A4-4113-A61A-EB429407F818}.Debug|Mixed Platforms.Build.0 = Debug|Any CPU
		{33044C7B-47A4-4113-A61A-EB429407F818}.Debug|x86.ActiveCfg = Debug|Any CPU
		{33044C7B-47A4-4113-A61A-EB429407F818}.Release|Any CPU.ActiveCfg = Release|Any CPU
		{33044C7B-47A4-4113-A61A-EB429407F818}.Release|Any CPU.Build.0 = Release|Any CPU
		{33044C7B-47A4-4113-A61A-EB429407F818}.Release|Mixed Platforms.ActiveCfg = Release|Any CPU
		{33044C7B-47A4-4113-A61A-EB429407F818}.Release|Mixed Platforms.Build.0 = Release|Any CPU
		{33044C7B-47A4-4113-A61A-EB429407F818}.Release|x86.ActiveCfg = Release|Any CPU
		{DEA9870F-BE56-4C68-89F3-B2DCCAEABF6F}.Debug - dotNET|Any CPU.ActiveCfg = Debug|Any CPU
		{DEA9870F-BE56-4C68-89F3-B2DCCAEABF6F}.Debug - dotNET|Any CPU.Build.0 = Debug|Any CPU
		{DEA9870F-BE56-4C68-89F3-B2DCCAEABF6F}.Debug - dotNET|Any CPU.Deploy.0 = Debug|Any CPU
		{DEA9870F-BE56-4C68-89F3-B2DCCAEABF6F}.Debug - dotNET|Mixed Platforms.ActiveCfg = Debug|Any CPU
		{DEA9870F-BE56-4C68-89F3-B2DCCAEABF6F}.Debug - dotNET|Mixed Platforms.Build.0 = Debug|Any CPU
		{DEA9870F-BE56-4C68-89F3-B2DCCAEABF6F}.Debug - dotNET|Mixed Platforms.Deploy.0 = Debug|Any CPU
		{DEA9870F-BE56-4C68-89F3-B2DCCAEABF6F}.Debug - dotNET|x86.ActiveCfg = Debug|Any CPU
		{DEA9870F-BE56-4C68-89F3-B2DCCAEABF6F}.Debug - SL|Any CPU.ActiveCfg = Debug|Any CPU
		{DEA9870F-BE56-4C68-89F3-B2DCCAEABF6F}.Debug - SL|Any CPU.Build.0 = Debug|Any CPU
		{DEA9870F-BE56-4C68-89F3-B2DCCAEABF6F}.Debug - SL|Any CPU.Deploy.0 = Debug|Any CPU
		{DEA9870F-BE56-4C68-89F3-B2DCCAEABF6F}.Debug - SL|Mixed Platforms.ActiveCfg = Debug|Any CPU
		{DEA9870F-BE56-4C68-89F3-B2DCCAEABF6F}.Debug - SL|Mixed Platforms.Build.0 = Debug|Any CPU
		{DEA9870F-BE56-4C68-89F3-B2DCCAEABF6F}.Debug - SL|Mixed Platforms.Deploy.0 = Debug|Any CPU
		{DEA9870F-BE56-4C68-89F3-B2DCCAEABF6F}.Debug - SL|x86.ActiveCfg = Debug|Any CPU
		{DEA9870F-BE56-4C68-89F3-B2DCCAEABF6F}.Debug|Any CPU.ActiveCfg = Debug|Any CPU
		{DEA9870F-BE56-4C68-89F3-B2DCCAEABF6F}.Debug|Any CPU.Build.0 = Debug|Any CPU
		{DEA9870F-BE56-4C68-89F3-B2DCCAEABF6F}.Debug|Any CPU.Deploy.0 = Debug|Any CPU
		{DEA9870F-BE56-4C68-89F3-B2DCCAEABF6F}.Debug|Mixed Platforms.ActiveCfg = Debug|Any CPU
		{DEA9870F-BE56-4C68-89F3-B2DCCAEABF6F}.Debug|Mixed Platforms.Build.0 = Debug|Any CPU
		{DEA9870F-BE56-4C68-89F3-B2DCCAEABF6F}.Debug|Mixed Platforms.Deploy.0 = Debug|Any CPU
		{DEA9870F-BE56-4C68-89F3-B2DCCAEABF6F}.Debug|x86.ActiveCfg = Debug|Any CPU
		{DEA9870F-BE56-4C68-89F3-B2DCCAEABF6F}.Release|Any CPU.ActiveCfg = Release|Any CPU
		{DEA9870F-BE56-4C68-89F3-B2DCCAEABF6F}.Release|Any CPU.Build.0 = Release|Any CPU
		{DEA9870F-BE56-4C68-89F3-B2DCCAEABF6F}.Release|Any CPU.Deploy.0 = Release|Any CPU
		{DEA9870F-BE56-4C68-89F3-B2DCCAEABF6F}.Release|Mixed Platforms.ActiveCfg = Release|Any CPU
		{DEA9870F-BE56-4C68-89F3-B2DCCAEABF6F}.Release|Mixed Platforms.Build.0 = Release|Any CPU
		{DEA9870F-BE56-4C68-89F3-B2DCCAEABF6F}.Release|Mixed Platforms.Deploy.0 = Release|Any CPU
		{DEA9870F-BE56-4C68-89F3-B2DCCAEABF6F}.Release|x86.ActiveCfg = Release|Any CPU
	EndGlobalSection
	GlobalSection(SolutionProperties) = preSolution
		HideSolutionNode = FALSE
	EndGlobalSection
	GlobalSection(NestedProjects) = preSolution
		{4618CCFC-5895-4C44-AD25-8BF312A96B86} = {4A5A5CF6-2257-4BC1-8941-DCB7EB279A2A}
		{B8448676-C9FE-42A3-A30B-F2FFA096E7D9} = {4A5A5CF6-2257-4BC1-8941-DCB7EB279A2A}
		{0BB5AA0C-0D8D-45AD-9775-ACF7DA3942BD} = {4A5A5CF6-2257-4BC1-8941-DCB7EB279A2A}
		{A658FEA2-1B62-4A50-A1C5-0A6ADE4655D3} = {4A5A5CF6-2257-4BC1-8941-DCB7EB279A2A}
		{0D2CC54A-4716-40B9-8110-453F528810FC} = {4A5A5CF6-2257-4BC1-8941-DCB7EB279A2A}
		{33044C7B-47A4-4113-A61A-EB429407F818} = {4A5A5CF6-2257-4BC1-8941-DCB7EB279A2A}
		{97B755C2-9BC1-49CC-84BC-D038C9F0F7E4} = {2DFB4278-45D1-41D7-9D9D-D8237D689213}
		{D6A2EDA8-E990-4F52-AE78-8DA9B56AA870} = {97B755C2-9BC1-49CC-84BC-D038C9F0F7E4}
		{BFC1AE0C-986B-44D7-BC36-695994FB4739} = {97B755C2-9BC1-49CC-84BC-D038C9F0F7E4}
		{A884E414-8FF4-4760-BE4E-36CA68F58CD7} = {97B755C2-9BC1-49CC-84BC-D038C9F0F7E4}
		{2B556DC0-BEE7-476A-A3AA-9FB1A2663B05} = {BFC1AE0C-986B-44D7-BC36-695994FB4739}
		{2FBFE5D8-6ED0-4667-9925-2CC3E0CECD99} = {BFC1AE0C-986B-44D7-BC36-695994FB4739}
		{DEA9870F-BE56-4C68-89F3-B2DCCAEABF6F} = {BFC1AE0C-986B-44D7-BC36-695994FB4739}
	EndGlobalSection
EndGlobal
